# This file is automatically @generated by Cargo.
# It is not intended for manual editing.
version = 3

[[package]]
name = "last_todos"
version = "0.1.0"
dependencies = [
 "rev_lines",
]

[[package]]
name = "rev_lines"
version = "0.2.1"
source = "registry+https://github.com/rust-lang/crates.io-index"
checksum = "18eb52b6664d331053136fcac7e4883bdc6f5fc04a6aab3b0f75eafb80ab88b3"
